// !$*UTF8*$!
{
	archiveVersion = 1;
	classes = {
	};
	objectVersion = 50;
	objects = {

/* Begin PBXBuildFile section */
		D6190932217ADE6600DD98B6 /* AppDelegate.swift in Sources */ = {isa = PBXBuildFile; fileRef = D6190931217ADE6600DD98B6 /* AppDelegate.swift */; };
		D6190934217ADE6600DD98B6 /* ViewController.swift in Sources */ = {isa = PBXBuildFile; fileRef = D6190933217ADE6600DD98B6 /* ViewController.swift */; };
		D6190937217ADE6600DD98B6 /* Main.storyboard in Resources */ = {isa = PBXBuildFile; fileRef = D6190935217ADE6600DD98B6 /* Main.storyboard */; };
		D6190939217ADE6700DD98B6 /* Assets.xcassets in Resources */ = {isa = PBXBuildFile; fileRef = D6190938217ADE6700DD98B6 /* Assets.xcassets */; };
		D619093C217ADE6700DD98B6 /* LaunchScreen.storyboard in Resources */ = {isa = PBXBuildFile; fileRef = D619093A217ADE6700DD98B6 /* LaunchScreen.storyboard */; };
		D6190947217ADE6700DD98B6 /* TDDBCSendai2018Tests.swift in Sources */ = {isa = PBXBuildFile; fileRef = D6190946217ADE6700DD98B6 /* TDDBCSendai2018Tests.swift */; };
		D6190952217AE30400DD98B6 /* PurelyImaginaryNumberTests.swift in Sources */ = {isa = PBXBuildFile; fileRef = D6190951217AE30400DD98B6 /* PurelyImaginaryNumberTests.swift */; };
		D6190954217AE3FF00DD98B6 /* PurelyImaginaryNumber.swift in Sources */ = {isa = PBXBuildFile; fileRef = D6190953217AE3FF00DD98B6 /* PurelyImaginaryNumber.swift */; };
/* End PBXBuildFile section */

/* Begin PBXContainerItemProxy section */
		D6190943217ADE6700DD98B6 /* PBXContainerItemProxy */ = {
			isa = PBXContainerItemProxy;
			containerPortal = D6190926217ADE6600DD98B6 /* Project object */;
			proxyType = 1;
			remoteGlobalIDString = D619092D217ADE6600DD98B6;
			remoteInfo = TDDBCSendai2018;
		};
/* End PBXContainerItemProxy section */

/* Begin PBXFileReference section */
		D619092E217ADE6600DD98B6 /* TDDBCSendai2018.app */ = {isa = PBXFileReference; explicitFileType = wrapper.application; includeInIndex = 0; path = TDDBCSendai2018.app; sourceTree = BUILT_PRODUCTS_DIR; };
		D6190931217ADE6600DD98B6 /* AppDelegate.swift */ = {isa = PBXFileReference; lastKnownFileType = sourcecode.swift; path = AppDelegate.swift; sourceTree = "<group>"; };
		D6190933217ADE6600DD98B6 /* ViewController.swift */ = {isa = PBXFileReference; lastKnownFileType = sourcecode.swift; path = ViewController.swift; sourceTree = "<group>"; };
		D6190936217ADE6600DD98B6 /* Base */ = {isa = PBXFileReference; lastKnownFileType = file.storyboard; name = Base; path = Base.lproj/Main.storyboard; sourceTree = "<group>"; };
		D6190938217ADE6700DD98B6 /* Assets.xcassets */ = {isa = PBXFileReference; lastKnownFileType = folder.assetcatalog; path = Assets.xcassets; sourceTree = "<group>"; };
		D619093B217ADE6700DD98B6 /* Base */ = {isa = PBXFileReference; lastKnownFileType = file.storyboard; name = Base; path = Base.lproj/LaunchScreen.storyboard; sourceTree = "<group>"; };
		D619093D217ADE6700DD98B6 /* Info.plist */ = {isa = PBXFileReference; lastKnownFileType = text.plist.xml; path = Info.plist; sourceTree = "<group>"; };
		D6190942217ADE6700DD98B6 /* TDDBCSendai2018Tests.xctest */ = {isa = PBXFileReference; explicitFileType = wrapper.cfbundle; includeInIndex = 0; path = TDDBCSendai2018Tests.xctest; sourceTree = BUILT_PRODUCTS_DIR; };
		D6190946217ADE6700DD98B6 /* TDDBCSendai2018Tests.swift */ = {isa = PBXFileReference; lastKnownFileType = sourcecode.swift; path = TDDBCSendai2018Tests.swift; sourceTree = "<group>"; };
		D6190948217ADE6700DD98B6 /* Info.plist */ = {isa = PBXFileReference; lastKnownFileType = text.plist.xml; path = Info.plist; sourceTree = "<group>"; };
		D6190951217AE30400DD98B6 /* PurelyImaginaryNumberTests.swift */ = {isa = PBXFileReference; lastKnownFileType = sourcecode.swift; path = PurelyImaginaryNumberTests.swift; sourceTree = "<group>"; };
		D6190953217AE3FF00DD98B6 /* PurelyImaginaryNumber.swift */ = {isa = PBXFileReference; lastKnownFileType = sourcecode.swift; path = PurelyImaginaryNumber.swift; sourceTree = "<group>"; };
/* End PBXFileReference section */

/* Begin PBXFrameworksBuildPhase section */
		D619092B217ADE6600DD98B6 /* Frameworks */ = {
			isa = PBXFrameworksBuildPhase;
			buildActionMask = 2147483647;
			files = (
			);
			runOnlyForDeploymentPostprocessing = 0;
		};
		D619093F217ADE6700DD98B6 /* Frameworks */ = {
			isa = PBXFrameworksBuildPhase;
			buildActionMask = 2147483647;
			files = (
			);
			runOnlyForDeploymentPostprocessing = 0;
		};
/* End PBXFrameworksBuildPhase section */

/* Begin PBXGroup section */
		D6190925217ADE6600DD98B6 = {
			isa = PBXGroup;
			children = (
				D6190930217ADE6600DD98B6 /* TDDBCSendai2018 */,
				D6190945217ADE6700DD98B6 /* TDDBCSendai2018Tests */,
				D619092F217ADE6600DD98B6 /* Products */,
			);
			sourceTree = "<group>";
		};
		D619092F217ADE6600DD98B6 /* Products */ = {
			isa = PBXGroup;
			children = (
				D619092E217ADE6600DD98B6 /* TDDBCSendai2018.app */,
				D6190942217ADE6700DD98B6 /* TDDBCSendai2018Tests.xctest */,
			);
			name = Products;
			sourceTree = "<group>";
		};
		D6190930217ADE6600DD98B6 /* TDDBCSendai2018 */ = {
			isa = PBXGroup;
			children = (
				D6190931217ADE6600DD98B6 /* AppDelegate.swift */,
				D6190933217ADE6600DD98B6 /* ViewController.swift */,
				D6190935217ADE6600DD98B6 /* Main.storyboard */,
				D6190938217ADE6700DD98B6 /* Assets.xcassets */,
				D619093A217ADE6700DD98B6 /* LaunchScreen.storyboard */,
				D619093D217ADE6700DD98B6 /* Info.plist */,
				D6190953217AE3FF00DD98B6 /* PurelyImaginaryNumber.swift */,
			);
			path = TDDBCSendai2018;
			sourceTree = "<group>";
		};
		D6190945217ADE6700DD98B6 /* TDDBCSendai2018Tests */ = {
			isa = PBXGroup;
			children = (
				D6190946217ADE6700DD98B6 /* TDDBCSendai2018Tests.swift */,
				D6190948217ADE6700DD98B6 /* Info.plist */,
				D6190951217AE30400DD98B6 /* PurelyImaginaryNumberTests.swift */,
			);
			path = TDDBCSendai2018Tests;
			sourceTree = "<group>";
		};
/* End PBXGroup section */

/* Begin PBXNativeTarget section */
		D619092D217ADE6600DD98B6 /* TDDBCSendai2018 */ = {
			isa = PBXNativeTarget;
			buildConfigurationList = D619094B217ADE6700DD98B6 /* Build configuration list for PBXNativeTarget "TDDBCSendai2018" */;
			buildPhases = (
				D619092A217ADE6600DD98B6 /* Sources */,
				D619092B217ADE6600DD98B6 /* Frameworks */,
				D619092C217ADE6600DD98B6 /* Resources */,
			);
			buildRules = (
			);
			dependencies = (
			);
			name = TDDBCSendai2018;
			productName = TDDBCSendai2018;
			productReference = D619092E217ADE6600DD98B6 /* TDDBCSendai2018.app */;
			productType = "com.apple.product-type.application";
		};
		D6190941217ADE6700DD98B6 /* TDDBCSendai2018Tests */ = {
			isa = PBXNativeTarget;
			buildConfigurationList = D619094E217ADE6700DD98B6 /* Build configuration list for PBXNativeTarget "TDDBCSendai2018Tests" */;
			buildPhases = (
				D619093E217ADE6700DD98B6 /* Sources */,
				D619093F217ADE6700DD98B6 /* Frameworks */,
				D6190940217ADE6700DD98B6 /* Resources */,
			);
			buildRules = (
			);
			dependencies = (
				D6190944217ADE6700DD98B6 /* PBXTargetDependency */,
			);
			name = TDDBCSendai2018Tests;
			productName = TDDBCSendai2018Tests;
			productReference = D6190942217ADE6700DD98B6 /* TDDBCSendai2018Tests.xctest */;
			productType = "com.apple.product-type.bundle.unit-test";
		};
/* End PBXNativeTarget section */

/* Begin PBXProject section */
		D6190926217ADE6600DD98B6 /* Project object */ = {
			isa = PBXProject;
			attributes = {
				LastSwiftUpdateCheck = 1000;
				LastUpgradeCheck = 1000;
				ORGANIZATIONNAME = shiz;
				TargetAttributes = {
					D619092D217ADE6600DD98B6 = {
						CreatedOnToolsVersion = 10.0;
					};
					D6190941217ADE6700DD98B6 = {
						CreatedOnToolsVersion = 10.0;
						TestTargetID = D619092D217ADE6600DD98B6;
					};
				};
			};
			buildConfigurationList = D6190929217ADE6600DD98B6 /* Build configuration list for PBXProject "TDDBCSendai2018" */;
			compatibilityVersion = "Xcode 9.3";
			developmentRegion = en;
			hasScannedForEncodings = 0;
			knownRegions = (
				en,
				Base,
			);
			mainGroup = D6190925217ADE6600DD98B6;
			productRefGroup = D619092F217ADE6600DD98B6 /* Products */;
			projectDirPath = "";
			projectRoot = "";
			targets = (
				D619092D217ADE6600DD98B6 /* TDDBCSendai2018 */,
				D6190941217ADE6700DD98B6 /* TDDBCSendai2018Tests */,
			);
		};
/* End PBXProject section */

/* Begin PBXResourcesBuildPhase section */
		D619092C217ADE6600DD98B6 /* Resources */ = {
			isa = PBXResourcesBuildPhase;
			buildActionMask = 2147483647;
			files = (
				D619093C217ADE6700DD98B6 /* LaunchScreen.storyboard in Resources */,
				D6190939217ADE6700DD98B6 /* Assets.xcassets in Resources */,
				D6190937217ADE6600DD98B6 /* Main.storyboard in Resources */,
			);
			runOnlyForDeploymentPostprocessing = 0;
		};
		D6190940217ADE6700DD98B6 /* Resources */ = {
			isa = PBXResourcesBuildPhase;
			buildActionMask = 2147483647;
			files = (
			);
			runOnlyForDeploymentPostprocessing = 0;
		};
/* End PBXResourcesBuildPhase section */

/* Begin PBXSourcesBuildPhase section */
		D619092A217ADE6600DD98B6 /* Sources */ = {
			isa = PBXSourcesBuildPhase;
			buildActionMask = 2147483647;
			files = (
				D6190954217AE3FF00DD98B6 /* PurelyImaginaryNumber.swift in Sources */,
				D6190934217ADE6600DD98B6 /* ViewController.swift in Sources */,
				D6190932217ADE6600DD98B6 /* AppDelegate.swift in Sources */,
			);
			runOnlyForDeploymentPostprocessing = 0;
		};
		D619093E217ADE6700DD98B6 /* Sources */ = {
			isa = PBXSourcesBuildPhase;
			buildActionMask = 2147483647;
			files = (
				D6190952217AE30400DD98B6 /* PurelyImaginaryNumberTests.swift in Sources */,
				D6190947217ADE6700DD98B6 /* TDDBCSendai2018Tests.swift in Sources */,
			);
			runOnlyForDeploymentPostprocessing = 0;
		};
/* End PBXSourcesBuildPhase section */

/* Begin PBXTargetDependency section */
		D6190944217ADE6700DD98B6 /* PBXTargetDependency */ = {
			isa = PBXTargetDependency;
			target = D619092D217ADE6600DD98B6 /* TDDBCSendai2018 */;
			targetProxy = D6190943217ADE6700DD98B6 /* PBXContainerItemProxy */;
		};
/* End PBXTargetDependency section */

/* Begin PBXVariantGroup section */
		D6190935217ADE6600DD98B6 /* Main.storyboard */ = {
			isa = PBXVariantGroup;
			children = (
				D6190936217ADE6600DD98B6 /* Base */,
			);
			name = Main.storyboard;
			sourceTree = "<group>";
		};
		D619093A217ADE6700DD98B6 /* LaunchScreen.storyboard */ = {
			isa = PBXVariantGroup;
			children = (
				D619093B217ADE6700DD98B6 /* Base */,
			);
			name = LaunchScreen.storyboard;
			sourceTree = "<group>";
		};
/* End PBXVariantGroup section */

/* Begin XCBuildConfiguration section */
		D6190949217ADE6700DD98B6 /* Debug */ = {
			isa = XCBuildConfiguration;
			buildSettings = {
				ALWAYS_SEARCH_USER_PATHS = NO;
				CLANG_ANALYZER_NONNULL = YES;
				CLANG_ANALYZER_NUMBER_OBJECT_CONVERSION = YES_AGGRESSIVE;
				CLANG_CXX_LANGUAGE_STANDARD = "gnu++14";
				CLANG_CXX_LIBRARY = "libc++";
				CLANG_ENABLE_MODULES = YES;
				CLANG_ENABLE_OBJC_ARC = YES;
				CLANG_ENABLE_OBJC_WEAK = YES;
				CLANG_WARN_BLOCK_CAPTURE_AUTORELEASING = YES;
				CLANG_WARN_BOOL_CONVERSION = YES;
				CLANG_WARN_COMMA = YES;
				CLANG_WARN_CONSTANT_CONVERSION = YES;
				CLANG_WARN_DEPRECATED_OBJC_IMPLEMENTATIONS = YES;
				CLANG_WARN_DIRECT_OBJC_ISA_USAGE = YES_ERROR;
				CLANG_WARN_DOCUMENTATION_COMMENTS = YES;
				CLANG_WARN_EMPTY_BODY = YES;
				CLANG_WARN_ENUM_CONVERSION = YES;
				CLANG_WARN_INFINITE_RECURSION = YES;
				CLANG_WARN_INT_CONVERSION = YES;
				CLANG_WARN_NON_LITERAL_NULL_CONVERSION = YES;
				CLANG_WARN_OBJC_IMPLICIT_RETAIN_SELF = YES;
				CLANG_WARN_OBJC_LITERAL_CONVERSION = YES;
				CLANG_WARN_OBJC_ROOT_CLASS = YES_ERROR;
				CLANG_WARN_RANGE_LOOP_ANALYSIS = YES;
				CLANG_WARN_STRICT_PROTOTYPES = YES;
				CLANG_WARN_SUSPICIOUS_MOVE = YES;
				CLANG_WARN_UNGUARDED_AVAILABILITY = YES_AGGRESSIVE;
				CLANG_WARN_UNREACHABLE_CODE = YES;
				CLANG_WARN__DUPLICATE_METHOD_MATCH = YES;
				CODE_SIGN_IDENTITY = "iPhone Developer";
				COPY_PHASE_STRIP = NO;
				DEBUG_INFORMATION_FORMAT = dwarf;
				ENABLE_STRICT_OBJC_MSGSEND = YES;
				ENABLE_TESTABILITY = YES;
				GCC_C_LANGUAGE_STANDARD = gnu11;
				GCC_DYNAMIC_NO_PIC = NO;
				GCC_NO_COMMON_BLOCKS = YES;
				GCC_OPTIMIZATION_LEVEL = 0;
				GCC_PREPROCESSOR_DEFINITIONS = (
					"DEBUG=1",
					"$(inherited)",
				);
				GCC_WARN_64_TO_32_BIT_CONVERSION = YES;
				GCC_WARN_ABOUT_RETURN_TYPE = YES_ERROR;
				GCC_WARN_UNDECLARED_SELECTOR = YES;
				GCC_WARN_UNINITIALIZED_AUTOS = YES_AGGRESSIVE;
				GCC_WARN_UNUSED_FUNCTION = YES;
				GCC_WARN_UNUSED_VARIABLE = YES;
				IPHONEOS_DEPLOYMENT_TARGET = 12.0;
				MTL_ENABLE_DEBUG_INFO = INCLUDE_SOURCE;
				MTL_FAST_MATH = YES;
				ONLY_ACTIVE_ARCH = YES;
				SDKROOT = iphoneos;
				SWIFT_ACTIVE_COMPILATION_CONDITIONS = DEBUG;
				SWIFT_OPTIMIZATION_LEVEL = "-Onone";
			};
			name = Debug;
		};
		D619094A217ADE6700DD98B6 /* Release */ = {
			isa = XCBuildConfiguration;
			buildSettings = {
				ALWAYS_SEARCH_USER_PATHS = NO;
				CLANG_ANALYZER_NONNULL = YES;
				CLANG_ANALYZER_NUMBER_OBJECT_CONVERSION = YES_AGGRESSIVE;
				CLANG_CXX_LANGUAGE_STANDARD = "gnu++14";
				CLANG_CXX_LIBRARY = "libc++";
				CLANG_ENABLE_MODULES = YES;
				CLANG_ENABLE_OBJC_ARC = YES;
				CLANG_ENABLE_OBJC_WEAK = YES;
				CLANG_WARN_BLOCK_CAPTURE_AUTORELEASING = YES;
				CLANG_WARN_BOOL_CONVERSION = YES;
				CLANG_WARN_COMMA = YES;
				CLANG_WARN_CONSTANT_CONVERSION = YES;
				CLANG_WARN_DEPRECATED_OBJC_IMPLEMENTATIONS = YES;
				CLANG_WARN_DIRECT_OBJC_ISA_USAGE = YES_ERROR;
				CLANG_WARN_DOCUMENTATION_COMMENTS = YES;
				CLANG_WARN_EMPTY_BODY = YES;
				CLANG_WARN_ENUM_CONVERSION = YES;
				CLANG_WARN_INFINITE_RECURSION = YES;
				CLANG_WARN_INT_CONVERSION = YES;
				CLANG_WARN_NON_LITERAL_NULL_CONVERSION = YES;
				CLANG_WARN_OBJC_IMPLICIT_RETAIN_SELF = YES;
				CLANG_WARN_OBJC_LITERAL_CONVERSION = YES;
				CLANG_WARN_OBJC_ROOT_CLASS = YES_ERROR;
				CLANG_WARN_RANGE_LOOP_ANALYSIS = YES;
				CLANG_WARN_STRICT_PROTOTYPES = YES;
				CLANG_WARN_SUSPICIOUS_MOVE = YES;
				CLANG_WARN_UNGUARDED_AVAILABILITY = YES_AGGRESSIVE;
				CLANG_WARN_UNREACHABLE_CODE = YES;
				CLANG_WARN__DUPLICATE_METHOD_MATCH = YES;
				CODE_SIGN_IDENTITY = "iPhone Developer";
				COPY_PHASE_STRIP = NO;
				DEBUG_INFORMATION_FORMAT = "dwarf-with-dsym";
				ENABLE_NS_ASSERTIONS = NO;
				ENABLE_STRICT_OBJC_MSGSEND = YES;
				GCC_C_LANGUAGE_STANDARD = gnu11;
				GCC_NO_COMMON_BLOCKS = YES;
				GCC_WARN_64_TO_32_BIT_CONVERSION = YES;
				GCC_WARN_ABOUT_RETURN_TYPE = YES_ERROR;
				GCC_WARN_UNDECLARED_SELECTOR = YES;
				GCC_WARN_UNINITIALIZED_AUTOS = YES_AGGRESSIVE;
				GCC_WARN_UNUSED_FUNCTION = YES;
				GCC_WARN_UNUSED_VARIABLE = YES;
				IPHONEOS_DEPLOYMENT_TARGET = 12.0;
				MTL_ENABLE_DEBUG_INFO = NO;
				MTL_FAST_MATH = YES;
				SDKROOT = iphoneos;
				SWIFT_COMPILATION_MODE = wholemodule;
				SWIFT_OPTIMIZATION_LEVEL = "-O";
				VALIDATE_PRODUCT = YES;
			};
			name = Release;
		};
		D619094C217ADE6700DD98B6 /* Debug */ = {
			isa = XCBuildConfiguration;
			buildSettings = {
				ASSETCATALOG_COMPILER_APPICON_NAME = AppIcon;
				CODE_SIGN_STYLE = Automatic;
				DEVELOPMENT_TEAM = L8VFCZLW2Z;
				INFOPLIST_FILE = TDDBCSendai2018/Info.plist;
				LD_RUNPATH_SEARCH_PATHS = (
					"$(inherited)",
					"@executable_path/Frameworks",
				);
				PRODUCT_BUNDLE_IDENTIFIER = shiz.sample.TDDBCSendai2018;
				PRODUCT_NAME = "$(TARGET_NAME)";
				SWIFT_VERSION = 4.2;
				TARGETED_DEVICE_FAMILY = "1,2";
			};
			name = Debug;
		};
		D619094D217ADE6700DD98B6 /* Release */ = {
			isa = XCBuildConfiguration;
			buildSettings = {
				ASSETCATALOG_COMPILER_APPICON_NAME = AppIcon;
				CODE_SIGN_STYLE = Automatic;
				DEVELOPMENT_TEAM = L8VFCZLW2Z;
				INFOPLIST_FILE = TDDBCSendai2018/Info.plist;
				LD_RUNPATH_SEARCH_PATHS = (
					"$(inherited)",
					"@executable_path/Frameworks",
				);
				PRODUCT_BUNDLE_IDENTIFIER = shiz.sample.TDDBCSendai2018;
				PRODUCT_NAME = "$(TARGET_NAME)";
				SWIFT_VERSION = 4.2;
				TARGETED_DEVICE_FAMILY = "1,2";
			};
			name = Release;
		};
		D619094F217ADE6700DD98B6 /* Debug */ = {
			isa = XCBuildConfiguration;
			buildSettings = {
				ALWAYS_EMBED_SWIFT_STANDARD_LIBRARIES = YES;
				BUNDLE_LOADER = "$(TEST_HOST)";
				CODE_SIGN_STYLE = Automatic;
				DEVELOPMENT_TEAM = L8VFCZLW2Z;
				INFOPLIST_FILE = TDDBCSendai2018Tests/Info.plist;
				LD_RUNPATH_SEARCH_PATHS = (
					"$(inherited)",
					"@executable_path/Frameworks",
					"@loader_path/Frameworks",
				);
				PRODUCT_BUNDLE_IDENTIFIER = shiz.sample.TDDBCSendai2018Tests;
				PRODUCT_NAME = "$(TARGET_NAME)";
				SWIFT_VERSION = 4.2;
				TARGETED_DEVICE_FAMILY = "1,2";
				TEST_HOST = "$(BUILT_PRODUCTS_DIR)/TDDBCSendai2018.app/TDDBCSendai2018";
			};
			name = Debug;
		};
		D6190950217ADE6700DD98B6 /* Release */ = {
			isa = XCBuildConfiguration;
			buildSettings = {
				ALWAYS_EMBED_SWIFT_STANDARD_LIBRARIES = YES;
				BUNDLE_LOADER = "$(TEST_HOST)";
				CODE_SIGN_STYLE = Automatic;
				DEVELOPMENT_TEAM = L8VFCZLW2Z;
				INFOPLIST_FILE = TDDBCSendai2018Tests/Info.plist;
				LD_RUNPATH_SEARCH_PATHS = (
					"$(inherited)",
					"@executable_path/Frameworks",
					"@loader_path/Frameworks",
				);
				PRODUCT_BUNDLE_IDENTIFIER = shiz.sample.TDDBCSendai2018Tests;
				PRODUCT_NAME = "$(TARGET_NAME)";
				SWIFT_VERSION = 4.2;
				TARGETED_DEVICE_FAMILY = "1,2";
				TEST_HOST = "$(BUILT_PRODUCTS_DIR)/TDDBCSendai2018.app/TDDBCSendai2018";
			};
			name = Release;
		};
/* End XCBuildConfiguration section */

/* Begin XCConfigurationList section */
		D6190929217ADE6600DD98B6 /* Build configuration list for PBXProject "TDDBCSendai2018" */ = {
			isa = XCConfigurationList;
			buildConfigurations = (
				D6190949217ADE6700DD98B6 /* Debug */,
				D619094A217ADE6700DD98B6 /* Release */,
			);
			defaultConfigurationIsVisible = 0;
			defaultConfigurationName = Release;
		};
		D619094B217ADE6700DD98B6 /* Build configuration list for PBXNativeTarget "TDDBCSendai2018" */ = {
			isa = XCConfigurationList;
			buildConfigurations = (
				D619094C217ADE6700DD98B6 /* Debug */,
				D619094D217ADE6700DD98B6 /* Release */,
			);
			defaultConfigurationIsVisible = 0;
			defaultConfigurationName = Release;
		};
		D619094E217ADE6700DD98B6 /* Build configuration list for PBXNativeTarget "TDDBCSendai2018Tests" */ = {
			isa = XCConfigurationList;
			buildConfigurations = (
				D619094F217ADE6700DD98B6 /* Debug */,
				D6190950217ADE6700DD98B6 /* Release */,
			);
			defaultConfigurationIsVisible = 0;
			defaultConfigurationName = Release;
		};
/* End XCConfigurationList section */
	};
	rootObject = D6190926217ADE6600DD98B6 /* Project object */;
}
